speakeasyVersion: 1.571.1
sources:
    OneRoster API:
        sourceNamespace: one-roster-api
        sourceRevisionDigest: sha256:38716d18193014dc2601a59b86e8572e6a0fa66bdbc9cea7a182dd6b0227b581
        sourceBlobDigest: sha256:ff92a549d005a212e4d721511b7aca26775db39c1dc90524d4ad0df83ebb380c
        tags:
            - latest
            - 1.0.0
targets:
    one-roster:
        source: OneRoster API
        sourceNamespace: one-roster-api
        sourceRevisionDigest: sha256:38716d18193014dc2601a59b86e8572e6a0fa66bdbc9cea7a182dd6b0227b581
        sourceBlobDigest: sha256:ff92a549d005a212e4d721511b7aca26775db39c1dc90524d4ad0df83ebb380c
        codeSamplesNamespace: one-roster-api-typescript-code-samples
        codeSamplesRevisionDigest: sha256:6cd20c5ec7a402497b03834edd308bafe11a0a19de30d45d384ecb2bc7756e57
workflow:
    workflowVersion: 1.0.0
    speakeasyVersion: latest
    sources:
        OneRoster API:
            inputs:
                - location: .speakeasy/openapi.yaml
            overlays:
                - location: .speakeasy/openapi-fixes-overlay.yaml
            registry:
                location: registry.speakeasyapi.dev/emu-farm/timeback/one-roster-api
    targets:
        one-roster:
            target: typescript
            source: OneRoster API
            publish:
                npm:
                    token: $npm_token
            codeSamples:
                registry:
                    location: registry.speakeasyapi.dev/emu-farm/timeback/one-roster-api-typescript-code-samples
                labelOverride:
                    fixedValue: Typescript (SDK)
                blocking: false
