speakeasyVersion: 1.762.0
sources:
    OneRoster API:
        sourceNamespace: one-roster-api
        sourceRevisionDigest: sha256:c0b5894f0566d3bbb5fe947ae922cf9e54de280088608d838b8bf36e37d79b5d
        sourceBlobDigest: sha256:3d3d4e897cf406c3a28fd9a195c9b33243b915b35ff9f749dad25824b1f8e1ff
        tags:
            - latest
            - 1.0.0
targets:
    one-roster:
        source: OneRoster API
        sourceNamespace: one-roster-api
        sourceRevisionDigest: sha256:c0b5894f0566d3bbb5fe947ae922cf9e54de280088608d838b8bf36e37d79b5d
        sourceBlobDigest: sha256:3d3d4e897cf406c3a28fd9a195c9b33243b915b35ff9f749dad25824b1f8e1ff
        codeSamplesNamespace: one-roster-api-typescript-code-samples
        codeSamplesRevisionDigest: sha256:baf976b4750078f1c9f63176fc5656d5eecb5ef1a545323dd442092881c68b70
workflow:
    workflowVersion: 1.0.0
    speakeasyVersion: latest
    sources:
        OneRoster API:
            inputs:
                - location: .speakeasy/openapi.yaml
            overlays:
                - location: .speakeasy/openapi-fixes-overlay.yaml
            registry:
                location: registry.speakeasyapi.dev/emu-farm/timeback/one-roster-api
    targets:
        one-roster:
            target: typescript
            source: OneRoster API
            publish:
                npm:
                    token: $npm_token
            codeSamples:
                registry:
                    location: registry.speakeasyapi.dev/emu-farm/timeback/one-roster-api-typescript-code-samples
                labelOverride:
                    fixedValue: Typescript (SDK)
                blocking: false
